
Microsoft Visual Studio Solution File, Format Version 12.00
# Visual Studio Version 18
VisualStudioVersion = 18.0.11222.15 d18.0
MinimumVisualStudioVersion = 10.0.40219.1
Project("{FAE04EC0-301F-11D3-BF4B-00C04F79EFBC}") = "CapaPresentacion", "CapaPresentacion.csproj", "{66357092-5BE0-4D6B-A961-C6CDE086AF7A}"
EndProject
Project("{FAE04EC0-301F-11D3-BF4B-00C04F79EFBC}") = "CapaNegocios", "..\CapaNegocios\CapaNegocios.csproj", "{5C817EEA-3CB4-45E5-98D3-6315225F849D}"
EndProject
Project("{FAE04EC0-301F-11D3-BF4B-00C04F79EFBC}") = "CapaDatos", "..\CapaDatos\CapaDatos.csproj", "{383CBD95-B4DE-4DDF-9862-92BE2EC106CD}"
EndProject
Global
	GlobalSection(SolutionConfigurationPlatforms) = preSolution
		Debug|Any CPU = Debug|Any CPU
		Release|Any CPU = Release|Any CPU
	EndGlobalSection
	GlobalSection(ProjectConfigurationPlatforms) = postSolution
		{66357092-5BE0-4D6B-A961-C6CDE086AF7A}.Debug|Any CPU.ActiveCfg = Debug|Any CPU
		{66357092-5BE0-4D6B-A961-C6CDE086AF7A}.Debug|Any CPU.Build.0 = Debug|Any CPU
		{66357092-5BE0-4D6B-A961-C6CDE086AF7A}.Release|Any CPU.ActiveCfg = Release|Any CPU
		{66357092-5BE0-4D6B-A961-C6CDE086AF7A}.Release|Any CPU.Build.0 = Release|Any CPU
		{5C817EEA-3CB4-45E5-98D3-6315225F849D}.Debug|Any CPU.ActiveCfg = Debug|Any CPU
		{5C817EEA-3CB4-45E5-98D3-6315225F849D}.Debug|Any CPU.Build.0 = Debug|Any CPU
		{5C817EEA-3CB4-45E5-98D3-6315225F849D}.Release|Any CPU.ActiveCfg = Release|Any CPU
		{5C817EEA-3CB4-45E5-98D3-6315225F849D}.Release|Any CPU.Build.0 = Release|Any CPU
		{383CBD95-B4DE-4DDF-9862-92BE2EC106CD}.Debug|Any CPU.ActiveCfg = Debug|Any CPU
		{383CBD95-B4DE-4DDF-9862-92BE2EC106CD}.Debug|Any CPU.Build.0 = Debug|Any CPU
		{383CBD95-B4DE-4DDF-9862-92BE2EC106CD}.Release|Any CPU.ActiveCfg = Release|Any CPU
		{383CBD95-B4DE-4DDF-9862-92BE2EC106CD}.Release|Any CPU.Build.0 = Release|Any CPU
	EndGlobalSection
	GlobalSection(SolutionProperties) = preSolution
		HideSolutionNode = FALSE
	EndGlobalSection
	GlobalSection(ExtensibilityGlobals) = postSolution
		SolutionGuid = {9E3466B5-C1E4-4CFD-8A14-9004411057D5}
	EndGlobalSection
EndGlobal
